
Microsoft Visual Studio Solution File, Format Version 12.00
# Visual Studio Version 16
VisualStudioVersion = 16.0.33027.164
MinimumVisualStudioVersion = 10.0.40219.1
Project("{FAE04EC0-301F-11D3-BF4B-00C04F79EFBC}") = "NumerosRomanosTestes", "NumerosRomanosTestes.csproj", "{1D7F488F-099A-40A2-A140-8BDA6D3DB597}"
EndProject
Project("{FAE04EC0-301F-11D3-BF4B-00C04F79EFBC}") = "TestNumerosRomanos", "..\TestNumerosRomanos\TestNumerosRomanos.csproj", "{C1A1FC10-9C66-4072-8DB1-A21751DCFB45}"
EndProject
Global
	GlobalSection(SolutionConfigurationPlatforms) = preSolution
		Debug|Any CPU = Debug|Any CPU
		Release|Any CPU = Release|Any CPU
	EndGlobalSection
	GlobalSection(ProjectConfigurationPlatforms) = postSolution
		{1D7F488F-099A-40A2-A140-8BDA6D3DB597}.Debug|Any CPU.ActiveCfg = Debug|Any CPU
		{1D7F488F-099A-40A2-A140-8BDA6D3DB597}.Debug|Any CPU.Build.0 = Debug|Any CPU
		{1D7F488F-099A-40A2-A140-8BDA6D3DB597}.Release|Any CPU.ActiveCfg = Release|Any CPU
		{1D7F488F-099A-40A2-A140-8BDA6D3DB597}.Release|Any CPU.Build.0 = Release|Any CPU
		{C1A1FC10-9C66-4072-8DB1-A21751DCFB45}.Debug|Any CPU.ActiveCfg = Debug|Any CPU
		{C1A1FC10-9C66-4072-8DB1-A21751DCFB45}.Debug|Any CPU.Build.0 = Debug|Any CPU
		{C1A1FC10-9C66-4072-8DB1-A21751DCFB45}.Release|Any CPU.ActiveCfg = Release|Any CPU
		{C1A1FC10-9C66-4072-8DB1-A21751DCFB45}.Release|Any CPU.Build.0 = Release|Any CPU
	EndGlobalSection
	GlobalSection(SolutionProperties) = preSolution
		HideSolutionNode = FALSE
	EndGlobalSection
	GlobalSection(ExtensibilityGlobals) = postSolution
		SolutionGuid = {4DBE6DA6-0EFB-4974-B015-C75832F1F4CE}
	EndGlobalSection
EndGlobal
